
Microsoft Visual Studio Solution File, Format Version 12.00
# Visual Studio Version 17
VisualStudioVersion = 17.14.36511.14 d17.14
MinimumVisualStudioVersion = 10.0.40219.1
Project("{FAE04EC0-301F-11D3-BF4B-00C04F79EFBC}") = "WinFormsApp10", "WinFormsApp10\WinFormsApp10.csproj", "{74EBA60C-76A8-4AFD-BCF0-6221832B8A48}"
EndProject
Global
	GlobalSection(SolutionConfigurationPlatforms) = preSolution
		Debug|Any CPU = Debug|Any CPU
		Release|Any CPU = Release|Any CPU
	EndGlobalSection
	GlobalSection(ProjectConfigurationPlatforms) = postSolution
		{74EBA60C-76A8-4AFD-BCF0-6221832B8A48}.Debug|Any CPU.ActiveCfg = Debug|Any CPU
		{74EBA60C-76A8-4AFD-BCF0-6221832B8A48}.Debug|Any CPU.Build.0 = Debug|Any CPU
		{74EBA60C-76A8-4AFD-BCF0-6221832B8A48}.Release|Any CPU.ActiveCfg = Release|Any CPU
		{74EBA60C-76A8-4AFD-BCF0-6221832B8A48}.Release|Any CPU.Build.0 = Release|Any CPU
	EndGlobalSection
	GlobalSection(SolutionProperties) = preSolution
		HideSolutionNode = FALSE
	EndGlobalSection
	GlobalSection(ExtensibilityGlobals) = postSolution
		SolutionGuid = {05AE0CDC-2E8B-4D4B-90F1-DF05706D642B}
	EndGlobalSection
EndGlobal
